// !$*UTF8*$!
{
	archiveVersion = 1;
	classes = {
	};
	objectVersion = 46;
	objects = {

/* Begin PBXBuildFile section */
		0CF6573D1CDAD4EC003FE58E /* main.m in Sources */ = {isa = PBXBuildFile; fileRef = 0CF6573C1CDAD4EC003FE58E /* main.m */; };
		0CF657451CDAD510003FE58E /* TestWeakStrong.m in Sources */ = {isa = PBXBuildFile; fileRef = 0CF657441CDAD510003FE58E /* TestWeakStrong.m */; };
/* End PBXBuildFile section */

/* Begin PBXCopyFilesBuildPhase section */
		0CF657371CDAD4EC003FE58E /* CopyFiles */ = {
			isa = PBXCopyFilesBuildPhase;
			buildActionMask = 2147483647;
			dstPath = /usr/share/man/man1/;
			dstSubfolderSpec = 0;
			files = (
			);
			runOnlyForDeploymentPostprocessing = 1;
		};
/* End PBXCopyFilesBuildPhase section */

/* Begin PBXFileReference section */
		0CF657391CDAD4EC003FE58E /* TestWeakStrong */ = {isa = PBXFileReference; explicitFileType = "compiled.mach-o.executable"; includeInIndex = 0; path = TestWeakStrong; sourceTree = BUILT_PRODUCTS_DIR; };
		0CF6573C1CDAD4EC003FE58E /* main.m */ = {isa = PBXFileReference; lastKnownFileType = sourcecode.c.objc; path = main.m; sourceTree = "<group>"; };
		0CF657431CDAD510003FE58E /* TestWeakStrong.h */ = {isa = PBXFileReference; fileEncoding = 4; lastKnownFileType = sourcecode.c.h; path = TestWeakStrong.h; sourceTree = "<group>"; };
		0CF657441CDAD510003FE58E /* TestWeakStrong.m */ = {isa = PBXFileReference; fileEncoding = 4; lastKnownFileType = sourcecode.c.objc; path = TestWeakStrong.m; sourceTree = "<group>"; };
/* End PBXFileReference section */

/* Begin PBXFrameworksBuildPhase section */
		0CF657361CDAD4EC003FE58E /* Frameworks */ = {
			isa = PBXFrameworksBuildPhase;
			buildActionMask = 2147483647;
			files = (
			);
			runOnlyForDeploymentPostprocessing = 0;
		};
/* End PBXFrameworksBuildPhase section */

/* Begin PBXGroup section */
		0CF657301CDAD4EC003FE58E = {
			isa = PBXGroup;
			children = (
				0CF6573B1CDAD4EC003FE58E /* TestWeakStrong */,
				0CF6573A1CDAD4EC003FE58E /* Products */,
			);
			sourceTree = "<group>";
		};
		0CF6573A1CDAD4EC003FE58E /* Products */ = {
			isa = PBXGroup;
			children = (
				0CF657391CDAD4EC003FE58E /* TestWeakStrong */,
			);
			name = Products;
			sourceTree = "<group>";
		};
		0CF6573B1CDAD4EC003FE58E /* TestWeakStrong */ = {
			isa = PBXGroup;
			children = (
				0CF6573C1CDAD4EC003FE58E /* main.m */,
				0CF657431CDAD510003FE58E /* TestWeakStrong.h */,
				0CF657441CDAD510003FE58E /* TestWeakStrong.m */,
			);
			path = TestWeakStrong;
			sourceTree = "<group>";
		};
/* End PBXGroup section */

/* Begin PBXNativeTarget section */
		0CF657381CDAD4EC003FE58E /* TestWeakStrong */ = {
			isa = PBXNativeTarget;
			buildConfigurationList = 0CF657401CDAD4EC003FE58E /* Build configuration list for PBXNativeTarget "TestWeakStrong" */;
			buildPhases = (
				0CF657351CDAD4EC003FE58E /* Sources */,
				0CF657361CDAD4EC003FE58E /* Frameworks */,
				0CF657371CDAD4EC003FE58E /* CopyFiles */,
			);
			buildRules = (
			);
			dependencies = (
			);
			name = TestWeakStrong;
			productName = TestWeakStrong;
			productReference = 0CF657391CDAD4EC003FE58E /* TestWeakStrong */;
			productType = "com.apple.product-type.tool";
		};
/* End PBXNativeTarget section */

/* Begin PBXProject section */
		0CF657311CDAD4EC003FE58E /* Project object */ = {
			isa = PBXProject;
			attributes = {
				LastUpgradeCheck = 0730;
				ORGANIZATIONNAME = heshidai;
				TargetAttributes = {
					0CF657381CDAD4EC003FE58E = {
						CreatedOnToolsVersion = 7.3;
					};
				};
			};
			buildConfigurationList = 0CF657341CDAD4EC003FE58E /* Build configuration list for PBXProject "TestWeakStrong" */;
			compatibilityVersion = "Xcode 3.2";
			developmentRegion = English;
			hasScannedForEncodings = 0;
			knownRegions = (
				en,
			);
			mainGroup = 0CF657301CDAD4EC003FE58E;
			productRefGroup = 0CF6573A1CDAD4EC003FE58E /* Products */;
			projectDirPath = "";
			projectRoot = "";
			targets = (
				0CF657381CDAD4EC003FE58E /* TestWeakStrong */,
			);
		};
/* End PBXProject section */

/* Begin PBXSourcesBuildPhase section */
		0CF657351CDAD4EC003FE58E /* Sources */ = {
			isa = PBXSourcesBuildPhase;
			buildActionMask = 2147483647;
			files = (
				0CF657451CDAD510003FE58E /* TestWeakStrong.m in Sources */,
				0CF6573D1CDAD4EC003FE58E /* main.m in Sources */,
			);
			runOnlyForDeploymentPostprocessing = 0;
		};
/* End PBXSourcesBuildPhase section */

/* Begin XCBuildConfiguration section */
		0CF6573E1CDAD4EC003FE58E /* Debug */ = {
			isa = XCBuildConfiguration;
			buildSettings = {
				ALWAYS_SEARCH_USER_PATHS = NO;
				CLANG_ANALYZER_NONNULL = YES;
				CLANG_CXX_LANGUAGE_STANDARD = "gnu++0x";
				CLANG_CXX_LIBRARY = "libc++";
				CLANG_ENABLE_MODULES = YES;
				CLANG_ENABLE_OBJC_ARC = YES;
				CLANG_WARN_BOOL_CONVERSION = YES;
				CLANG_WARN_CONSTANT_CONVERSION = YES;
				CLANG_WARN_DIRECT_OBJC_ISA_USAGE = YES_ERROR;
				CLANG_WARN_EMPTY_BODY = YES;
				CLANG_WARN_ENUM_CONVERSION = YES;
				CLANG_WARN_INT_CONVERSION = YES;
				CLANG_WARN_OBJC_ROOT_CLASS = YES_ERROR;
				CLANG_WARN_UNREACHABLE_CODE = YES;
				CLANG_WARN__DUPLICATE_METHOD_MATCH = YES;
				CODE_SIGN_IDENTITY = "-";
				COPY_PHASE_STRIP = NO;
				DEBUG_INFORMATION_FORMAT = dwarf;
				ENABLE_STRICT_OBJC_MSGSEND = YES;
				ENABLE_TESTABILITY = YES;
				GCC_C_LANGUAGE_STANDARD = gnu99;
				GCC_DYNAMIC_NO_PIC = NO;
				GCC_NO_COMMON_BLOCKS = YES;
				GCC_OPTIMIZATION_LEVEL = 0;
				GCC_PREPROCESSOR_DEFINITIONS = (
					"DEBUG=1",
					"$(inherited)",
				);
				GCC_WARN_64_TO_32_BIT_CONVERSION = YES;
				GCC_WARN_ABOUT_RETURN_TYPE = YES_ERROR;
				GCC_WARN_UNDECLARED_SELECTOR = YES;
				GCC_WARN_UNINITIALIZED_AUTOS = YES_AGGRESSIVE;
				GCC_WARN_UNUSED_FUNCTION = YES;
				GCC_WARN_UNUSED_VARIABLE = YES;
				MACOSX_DEPLOYMENT_TARGET = 10.11;
				MTL_ENABLE_DEBUG_INFO = YES;
				ONLY_ACTIVE_ARCH = YES;
				SDKROOT = macosx;
			};
			name = Debug;
		};
		0CF6573F1CDAD4EC003FE58E /* Release */ = {
			isa = XCBuildConfiguration;
			buildSettings = {
				ALWAYS_SEARCH_USER_PATHS = NO;
				CLANG_ANALYZER_NONNULL = YES;
				CLANG_CXX_LANGUAGE_STANDARD = "gnu++0x";
				CLANG_CXX_LIBRARY = "libc++";
				CLANG_ENABLE_MODULES = YES;
				CLANG_ENABLE_OBJC_ARC = YES;
				CLANG_WARN_BOOL_CONVERSION = YES;
				CLANG_WARN_CONSTANT_CONVERSION = YES;
				CLANG_WARN_DIRECT_OBJC_ISA_USAGE = YES_ERROR;
				CLANG_WARN_EMPTY_BODY = YES;
				CLANG_WARN_ENUM_CONVERSION = YES;
				CLANG_WARN_INT_CONVERSION = YES;
				CLANG_WARN_OBJC_ROOT_CLASS = YES_ERROR;
				CLANG_WARN_UNREACHABLE_CODE = YES;
				CLANG_WARN__DUPLICATE_METHOD_MATCH = YES;
				CODE_SIGN_IDENTITY = "-";
				COPY_PHASE_STRIP = NO;
				DEBUG_INFORMATION_FORMAT = "dwarf-with-dsym";
				ENABLE_NS_ASSERTIONS = NO;
				ENABLE_STRICT_OBJC_MSGSEND = YES;
				GCC_C_LANGUAGE_STANDARD = gnu99;
				GCC_NO_COMMON_BLOCKS = YES;
				GCC_WARN_64_TO_32_BIT_CONVERSION = YES;
				GCC_WARN_ABOUT_RETURN_TYPE = YES_ERROR;
				GCC_WARN_UNDECLARED_SELECTOR = YES;
				GCC_WARN_UNINITIALIZED_AUTOS = YES_AGGRESSIVE;
				GCC_WARN_UNUSED_FUNCTION = YES;
				GCC_WARN_UNUSED_VARIABLE = YES;
				MACOSX_DEPLOYMENT_TARGET = 10.11;
				MTL_ENABLE_DEBUG_INFO = NO;
				SDKROOT = macosx;
			};
			name = Release;
		};
		0CF657411CDAD4EC003FE58E /* Debug */ = {
			isa = XCBuildConfiguration;
			buildSettings = {
				PRODUCT_NAME = "$(TARGET_NAME)";
			};
			name = Debug;
		};
		0CF657421CDAD4EC003FE58E /* Release */ = {
			isa = XCBuildConfiguration;
			buildSettings = {
				PRODUCT_NAME = "$(TARGET_NAME)";
			};
			name = Release;
		};
/* End XCBuildConfiguration section */

/* Begin XCConfigurationList section */
		0CF657341CDAD4EC003FE58E /* Build configuration list for PBXProject "TestWeakStrong" */ = {
			isa = XCConfigurationList;
			buildConfigurations = (
				0CF6573E1CDAD4EC003FE58E /* Debug */,
				0CF6573F1CDAD4EC003FE58E /* Release */,
			);
			defaultConfigurationIsVisible = 0;
			defaultConfigurationName = Release;
		};
		0CF657401CDAD4EC003FE58E /* Build configuration list for PBXNativeTarget "TestWeakStrong" */ = {
			isa = XCConfigurationList;
			buildConfigurations = (
				0CF657411CDAD4EC003FE58E /* Debug */,
				0CF657421CDAD4EC003FE58E /* Release */,
			);
			defaultConfigurationIsVisible = 0;
		};
/* End XCConfigurationList section */
	};
	rootObject = 0CF657311CDAD4EC003FE58E /* Project object */;
}
